{
  "version": 4,
  "terraform_version": "1.7.5",
  "serial": 46,
  "lineage": "9c0ee64d-10a8-03d2-8037-3b45c4e2b210",
  "outputs": {
    "debug_instance_urls": {
      "value": {
        "Endpoint-A": "ip-172-31-32-118.us-east-2.compute.internal",
        "Endpoint-B": "ip-172-31-41-143.us-east-2.compute.internal"
      },
      "type": [
        "object",
        {
          "Endpoint-A": "string",
          "Endpoint-B": "string"
        }
      ]
    }
  },
  "resources": [
    {
      "module": "module.apis",
      "mode": "managed",
      "type": "aws_api_gateway_integration",
      "name": "service-a",
      "provider": "provider[\"registry.terraform.io/hashicorp/aws\"]",
      "instances": [
        {
          "schema_version": 0,
          "attributes": {
            "cache_key_parameters": [],
            "cache_namespace": "v847pv",
            "connection_id": "",
            "connection_type": "INTERNET",
            "content_handling": "",
            "credentials": "",
            "http_method": "ANY",
            "id": "agi-oudwpa5uj9-v847pv-ANY",
            "integration_http_method": "ANY",
            "passthrough_behavior": "WHEN_NO_MATCH",
            "request_parameters": {},
            "request_templates": {},
            "resource_id": "v847pv",
            "rest_api_id": "oudwpa5uj9",
            "timeout_milliseconds": 29000,
            "tls_config": [],
            "type": "HTTP_PROXY",
            "uri": "http://ip-172-31-32-118.us-east-2.compute.internal/"
          },
          "sensitive_attributes": [],
          "private": "bnVsbA==",
          "dependencies": [
            "module.apis.aws_api_gateway_method.service-a",
            "module.apis.aws_api_gateway_resource.service-a",
            "module.apis.aws_api_gateway_rest_api.http_api",
            "module.instances.aws_instance.endpoint",
            "module.instances.aws_security_group.allow_tls"
          ]
        }
      ]
    },
    {
      "module": "module.apis",
      "mode": "managed",
      "type": "aws_api_gateway_integration",
      "name": "service-b",
      "provider": "provider[\"registry.terraform.io/hashicorp/aws\"]",
      "instances": [
        {
          "schema_version": 0,
          "attributes": {
            "cache_key_parameters": [],
            "cache_namespace": "tfa63h",
            "connection_id": "",
            "connection_type": "INTERNET",
            "content_handling": "",
            "credentials": "",
            "http_method": "ANY",
            "id": "agi-oudwpa5uj9-tfa63h-ANY",
            "integration_http_method": "ANY",
            "passthrough_behavior": "WHEN_NO_MATCH",
            "request_parameters": {},
            "request_templates": {},
            "resource_id": "tfa63h",
            "rest_api_id": "oudwpa5uj9",
            "timeout_milliseconds": 29000,
            "tls_config": [],
            "type": "HTTP_PROXY",
            "uri": "http://ip-172-31-41-143.us-east-2.compute.internal/"
          },
          "sensitive_attributes": [],
          "private": "bnVsbA==",
          "dependencies": [
            "module.apis.aws_api_gateway_method.service-a",
            "module.apis.aws_api_gateway_resource.service-a",
            "module.apis.aws_api_gateway_resource.service-b",
            "module.apis.aws_api_gateway_rest_api.http_api",
            "module.instances.aws_instance.endpoint",
            "module.instances.aws_security_group.allow_tls"
          ]
        }
      ]
    },
    {
      "module": "module.apis",
      "mode": "managed",
      "type": "aws_api_gateway_method",
      "name": "service-a",
      "provider": "provider[\"registry.terraform.io/hashicorp/aws\"]",
      "instances": [
        {
          "schema_version": 0,
          "attributes": {
            "api_key_required": false,
            "authorization": "NONE",
            "authorization_scopes": [],
            "authorizer_id": "",
            "http_method": "ANY",
            "id": "agm-oudwpa5uj9-v847pv-ANY",
            "operation_name": "",
            "request_models": {},
            "request_parameters": {},
            "request_validator_id": "",
            "resource_id": "v847pv",
            "rest_api_id": "oudwpa5uj9"
          },
          "sensitive_attributes": [],
          "private": "bnVsbA==",
          "dependencies": [
            "module.apis.aws_api_gateway_resource.service-a",
            "module.apis.aws_api_gateway_rest_api.http_api"
          ]
        }
      ]
    },
    {
      "module": "module.apis",
      "mode": "managed",
      "type": "aws_api_gateway_method",
      "name": "service-b",
      "provider": "provider[\"registry.terraform.io/hashicorp/aws\"]",
      "instances": [
        {
          "schema_version": 0,
          "attributes": {
            "api_key_required": false,
            "authorization": "NONE",
            "authorization_scopes": [],
            "authorizer_id": "",
            "http_method": "ANY",
            "id": "agm-oudwpa5uj9-tfa63h-ANY",
            "operation_name": "",
            "request_models": {},
            "request_parameters": {},
            "request_validator_id": "",
            "resource_id": "tfa63h",
            "rest_api_id": "oudwpa5uj9"
          },
          "sensitive_attributes": [],
          "private": "bnVsbA==",
          "dependencies": [
            "module.apis.aws_api_gateway_resource.service-b",
            "module.apis.aws_api_gateway_rest_api.http_api"
          ]
        }
      ]
    },
    {
      "module": "module.apis",
      "mode": "managed",
      "type": "aws_api_gateway_resource",
      "name": "service-a",
      "provider": "provider[\"registry.terraform.io/hashicorp/aws\"]",
      "instances": [
        {
          "schema_version": 0,
          "attributes": {
            "id": "v847pv",
            "parent_id": "jfzg7js8da",
            "path": "/service-a",
            "path_part": "service-a",
            "rest_api_id": "oudwpa5uj9"
          },
          "sensitive_attributes": [],
          "private": "bnVsbA==",
          "dependencies": [
            "module.apis.aws_api_gateway_rest_api.http_api"
          ]
        }
      ]
    },
    {
      "module": "module.apis",
      "mode": "managed",
      "type": "aws_api_gateway_resource",
      "name": "service-b",
      "provider": "provider[\"registry.terraform.io/hashicorp/aws\"]",
      "instances": [
        {
          "schema_version": 0,
          "attributes": {
            "id": "tfa63h",
            "parent_id": "jfzg7js8da",
            "path": "/service-b",
            "path_part": "service-b",
            "rest_api_id": "oudwpa5uj9"
          },
          "sensitive_attributes": [],
          "private": "bnVsbA==",
          "dependencies": [
            "module.apis.aws_api_gateway_rest_api.http_api"
          ]
        }
      ]
    },
    {
      "module": "module.apis",
      "mode": "managed",
      "type": "aws_api_gateway_rest_api",
      "name": "http_api",
      "provider": "provider[\"registry.terraform.io/hashicorp/aws\"]",
      "instances": [
        {
          "schema_version": 0,
          "attributes": {
            "api_key_source": "HEADER",
            "arn": "arn:aws:apigateway:us-east-2::/restapis/oudwpa5uj9",
            "binary_media_types": [],
            "body": null,
            "created_date": "2024-04-07T23:36:50Z",
            "description": "API for processing orders.",
            "disable_execute_api_endpoint": false,
            "endpoint_configuration": [
              {
                "types": [
                  "EDGE"
                ],
                "vpc_endpoint_ids": []
              }
            ],
            "execution_arn": "arn:aws:execute-api:us-east-2:490489140525:oudwpa5uj9",
            "fail_on_warnings": null,
            "id": "oudwpa5uj9",
            "minimum_compression_size": -1,
            "name": "http_endpoint_api",
            "parameters": null,
            "policy": "",
            "put_rest_api_mode": null,
            "root_resource_id": "jfzg7js8da",
            "tags": {},
            "tags_all": {}
          },
          "sensitive_attributes": [],
          "private": "bnVsbA=="
        }
      ]
    },
    {
      "module": "module.instances",
      "mode": "managed",
      "type": "aws_instance",
      "name": "endpoint",
      "provider": "provider[\"registry.terraform.io/hashicorp/aws\"]",
      "instances": [
        {
          "index_key": "Endpoint-A",
          "schema_version": 1,
          "attributes": {
            "ami": "ami-019f9b3318b7155c5",
            "arn": "arn:aws:ec2:us-east-2:490489140525:instance/i-0c84c875c0f54c661",
            "associate_public_ip_address": true,
            "availability_zone": "us-east-2c",
            "capacity_reservation_specification": [
              {
                "capacity_reservation_preference": "open",
                "capacity_reservation_target": []
              }
            ],
            "cpu_core_count": 1,
            "cpu_options": [
              {
                "amd_sev_snp": "",
                "core_count": 1,
                "threads_per_core": 1
              }
            ],
            "cpu_threads_per_core": 1,
            "credit_specification": [
              {
                "cpu_credits": "standard"
              }
            ],
            "disable_api_stop": false,
            "disable_api_termination": false,
            "ebs_block_device": [],
            "ebs_optimized": false,
            "enclave_options": [
              {
                "enabled": false
              }
            ],
            "ephemeral_block_device": [],
            "get_password_data": false,
            "hibernation": false,
            "host_id": "",
            "host_resource_group_arn": null,
            "iam_instance_profile": "",
            "id": "i-0c84c875c0f54c661",
            "instance_initiated_shutdown_behavior": "stop",
            "instance_state": "running",
            "instance_type": "t2.micro",
            "ipv6_address_count": 0,
            "ipv6_addresses": [],
            "key_name": "",
            "launch_template": [],
            "maintenance_options": [
              {
                "auto_recovery": "default"
              }
            ],
            "metadata_options": [
              {
                "http_endpoint": "enabled",
                "http_put_response_hop_limit": 2,
                "http_tokens": "required",
                "instance_metadata_tags": "disabled"
              }
            ],
            "monitoring": false,
            "network_interface": [],
            "outpost_arn": "",
            "password_data": "",
            "placement_group": "",
            "placement_partition_number": 0,
            "primary_network_interface_id": "eni-00a89bc37af294174",
            "private_dns": "ip-172-31-32-118.us-east-2.compute.internal",
            "private_dns_name_options": [
              {
                "enable_resource_name_dns_a_record": false,
                "enable_resource_name_dns_aaaa_record": false,
                "hostname_type": "ip-name"
              }
            ],
            "private_ip": "172.31.32.118",
            "public_dns": "ec2-18-116-199-70.us-east-2.compute.amazonaws.com",
            "public_ip": "18.116.199.70",
            "root_block_device": [
              {
                "delete_on_termination": true,
                "device_name": "/dev/xvda",
                "encrypted": false,
                "iops": 3000,
                "kms_key_id": "",
                "tags": {},
                "throughput": 125,
                "volume_id": "vol-03d24d307f005c11b",
                "volume_size": 8,
                "volume_type": "gp3"
              }
            ],
            "secondary_private_ips": [],
            "security_groups": [
              "allow_tls"
            ],
            "source_dest_check": true,
            "subnet_id": "subnet-01cd7d780be9f89c2",
            "tags": {
              "Name": "Endpoint-A"
            },
            "tags_all": {
              "Name": "Endpoint-A"
            },
            "tenancy": "default",
            "timeouts": null,
            "user_data": "895df57ad833b8af1b413e87b7d5c1cae44db497",
            "user_data_base64": null,
            "user_data_replace_on_change": false,
            "volume_tags": null,
            "vpc_security_group_ids": [
              "sg-00dabecc43a9cc9fb"
            ]
          },
          "sensitive_attributes": [],
          "private": "eyJlMmJmYjczMC1lY2FhLTExZTYtOGY4OC0zNDM2M2JjN2M0YzAiOnsiY3JlYXRlIjo2MDAwMDAwMDAwMDAsImRlbGV0ZSI6MTIwMDAwMDAwMDAwMCwidXBkYXRlIjo2MDAwMDAwMDAwMDB9LCJzY2hlbWFfdmVyc2lvbiI6IjEifQ==",
          "dependencies": [
            "module.instances.aws_security_group.allow_tls"
          ]
        },
        {
          "index_key": "Endpoint-B",
          "schema_version": 1,
          "attributes": {
            "ami": "ami-019f9b3318b7155c5",
            "arn": "arn:aws:ec2:us-east-2:490489140525:instance/i-06bb401e2515341bd",
            "associate_public_ip_address": true,
            "availability_zone": "us-east-2c",
            "capacity_reservation_specification": [
              {
                "capacity_reservation_preference": "open",
                "capacity_reservation_target": []
              }
            ],
            "cpu_core_count": 1,
            "cpu_options": [
              {
                "amd_sev_snp": "",
                "core_count": 1,
                "threads_per_core": 1
              }
            ],
            "cpu_threads_per_core": 1,
            "credit_specification": [
              {
                "cpu_credits": "standard"
              }
            ],
            "disable_api_stop": false,
            "disable_api_termination": false,
            "ebs_block_device": [],
            "ebs_optimized": false,
            "enclave_options": [
              {
                "enabled": false
              }
            ],
            "ephemeral_block_device": [],
            "get_password_data": false,
            "hibernation": false,
            "host_id": "",
            "host_resource_group_arn": null,
            "iam_instance_profile": "",
            "id": "i-06bb401e2515341bd",
            "instance_initiated_shutdown_behavior": "stop",
            "instance_state": "running",
            "instance_type": "t2.micro",
            "ipv6_address_count": 0,
            "ipv6_addresses": [],
            "key_name": "",
            "launch_template": [],
            "maintenance_options": [
              {
                "auto_recovery": "default"
              }
            ],
            "metadata_options": [
              {
                "http_endpoint": "enabled",
                "http_put_response_hop_limit": 2,
                "http_tokens": "required",
                "instance_metadata_tags": "disabled"
              }
            ],
            "monitoring": false,
            "network_interface": [],
            "outpost_arn": "",
            "password_data": "",
            "placement_group": "",
            "placement_partition_number": 0,
            "primary_network_interface_id": "eni-0244d527d0f5177f3",
            "private_dns": "ip-172-31-41-143.us-east-2.compute.internal",
            "private_dns_name_options": [
              {
                "enable_resource_name_dns_a_record": false,
                "enable_resource_name_dns_aaaa_record": false,
                "hostname_type": "ip-name"
              }
            ],
            "private_ip": "172.31.41.143",
            "public_dns": "ec2-3-20-223-239.us-east-2.compute.amazonaws.com",
            "public_ip": "3.20.223.239",
            "root_block_device": [
              {
                "delete_on_termination": true,
                "device_name": "/dev/xvda",
                "encrypted": false,
                "iops": 3000,
                "kms_key_id": "",
                "tags": {},
                "throughput": 125,
                "volume_id": "vol-0e9b11863c5098a7b",
                "volume_size": 8,
                "volume_type": "gp3"
              }
            ],
            "secondary_private_ips": [],
            "security_groups": [
              "allow_tls"
            ],
            "source_dest_check": true,
            "subnet_id": "subnet-01cd7d780be9f89c2",
            "tags": {
              "Name": "Endpoint-B"
            },
            "tags_all": {
              "Name": "Endpoint-B"
            },
            "tenancy": "default",
            "timeouts": null,
            "user_data": "5306a3581284a6dec9edf1404f892e767c16c33d",
            "user_data_base64": null,
            "user_data_replace_on_change": false,
            "volume_tags": null,
            "vpc_security_group_ids": [
              "sg-00dabecc43a9cc9fb"
            ]
          },
          "sensitive_attributes": [],
          "private": "eyJlMmJmYjczMC1lY2FhLTExZTYtOGY4OC0zNDM2M2JjN2M0YzAiOnsiY3JlYXRlIjo2MDAwMDAwMDAwMDAsImRlbGV0ZSI6MTIwMDAwMDAwMDAwMCwidXBkYXRlIjo2MDAwMDAwMDAwMDB9LCJzY2hlbWFfdmVyc2lvbiI6IjEifQ==",
          "dependencies": [
            "module.instances.aws_security_group.allow_tls"
          ]
        }
      ]
    },
    {
      "module": "module.instances",
      "mode": "managed",
      "type": "aws_security_group",
      "name": "allow_tls",
      "provider": "provider[\"registry.terraform.io/hashicorp/aws\"]",
      "instances": [
        {
          "schema_version": 1,
          "attributes": {
            "arn": "arn:aws:ec2:us-east-2:490489140525:security-group/sg-00dabecc43a9cc9fb",
            "description": "Managed by Terraform",
            "egress": [
              {
                "cidr_blocks": [
                  "0.0.0.0/0"
                ],
                "description": "",
                "from_port": 0,
                "ipv6_cidr_blocks": [],
                "prefix_list_ids": [],
                "protocol": "-1",
                "security_groups": [],
                "self": false,
                "to_port": 0
              }
            ],
            "id": "sg-00dabecc43a9cc9fb",
            "ingress": [
              {
                "cidr_blocks": [
                  "0.0.0.0/0"
                ],
                "description": "",
                "from_port": 22,
                "ipv6_cidr_blocks": [],
                "prefix_list_ids": [],
                "protocol": "tcp",
                "security_groups": [],
                "self": false,
                "to_port": 22
              },
              {
                "cidr_blocks": [
                  "0.0.0.0/0"
                ],
                "description": "",
                "from_port": 80,
                "ipv6_cidr_blocks": [],
                "prefix_list_ids": [],
                "protocol": "tcp",
                "security_groups": [],
                "self": false,
                "to_port": 80
              }
            ],
            "name": "allow_tls",
            "name_prefix": "",
            "owner_id": "490489140525",
            "revoke_rules_on_delete": false,
            "tags": {},
            "tags_all": {},
            "timeouts": null,
            "vpc_id": "vpc-0635de5d8c6abbe4e"
          },
          "sensitive_attributes": [],
          "private": "eyJlMmJmYjczMC1lY2FhLTExZTYtOGY4OC0zNDM2M2JjN2M0YzAiOnsiY3JlYXRlIjo2MDAwMDAwMDAwMDAsImRlbGV0ZSI6OTAwMDAwMDAwMDAwfSwic2NoZW1hX3ZlcnNpb24iOiIxIn0="
        }
      ]
    },
    {
      "module": "module.instances",
      "mode": "managed",
      "type": "aws_vpc_security_group_egress_rule",
      "name": "allow_tls_ipv4_out_all",
      "provider": "provider[\"registry.terraform.io/hashicorp/aws\"]",
      "instances": [
        {
          "schema_version": 0,
          "attributes": {
            "arn": "arn:aws:ec2:us-east-2:490489140525:security-group-rule/sgr-038e74be00cad5a51",
            "cidr_ipv4": "0.0.0.0/0",
            "cidr_ipv6": null,
            "description": null,
            "from_port": null,
            "id": "sgr-038e74be00cad5a51",
            "ip_protocol": "-1",
            "prefix_list_id": null,
            "referenced_security_group_id": null,
            "security_group_id": "sg-00dabecc43a9cc9fb",
            "security_group_rule_id": "sgr-038e74be00cad5a51",
            "tags": null,
            "tags_all": {},
            "to_port": null
          },
          "sensitive_attributes": [],
          "dependencies": [
            "module.instances.aws_security_group.allow_tls"
          ]
        }
      ]
    },
    {
      "module": "module.instances",
      "mode": "managed",
      "type": "aws_vpc_security_group_ingress_rule",
      "name": "allow_tls_ipv4_in_http",
      "provider": "provider[\"registry.terraform.io/hashicorp/aws\"]",
      "instances": [
        {
          "schema_version": 0,
          "attributes": {
            "arn": "arn:aws:ec2:us-east-2:490489140525:security-group-rule/sgr-00c59027628c80548",
            "cidr_ipv4": "0.0.0.0/0",
            "cidr_ipv6": null,
            "description": null,
            "from_port": 80,
            "id": "sgr-00c59027628c80548",
            "ip_protocol": "tcp",
            "prefix_list_id": null,
            "referenced_security_group_id": null,
            "security_group_id": "sg-00dabecc43a9cc9fb",
            "security_group_rule_id": "sgr-00c59027628c80548",
            "tags": null,
            "tags_all": {},
            "to_port": 80
          },
          "sensitive_attributes": [],
          "dependencies": [
            "module.instances.aws_security_group.allow_tls"
          ]
        }
      ]
    },
    {
      "module": "module.instances",
      "mode": "managed",
      "type": "aws_vpc_security_group_ingress_rule",
      "name": "allow_tls_ipv4_in_ssh",
      "provider": "provider[\"registry.terraform.io/hashicorp/aws\"]",
      "instances": [
        {
          "schema_version": 0,
          "attributes": {
            "arn": "arn:aws:ec2:us-east-2:490489140525:security-group-rule/sgr-0e61cc2fec04fa5dc",
            "cidr_ipv4": "0.0.0.0/0",
            "cidr_ipv6": null,
            "description": null,
            "from_port": 22,
            "id": "sgr-0e61cc2fec04fa5dc",
            "ip_protocol": "tcp",
            "prefix_list_id": null,
            "referenced_security_group_id": null,
            "security_group_id": "sg-00dabecc43a9cc9fb",
            "security_group_rule_id": "sgr-0e61cc2fec04fa5dc",
            "tags": null,
            "tags_all": {},
            "to_port": 22
          },
          "sensitive_attributes": [],
          "dependencies": [
            "module.instances.aws_security_group.allow_tls"
          ]
        }
      ]
    },
    {
      "module": "module.instances",
      "mode": "managed",
      "type": "null_resource",
      "name": "print_output",
      "provider": "provider[\"registry.terraform.io/hashicorp/null\"]",
      "instances": [
        {
          "index_key": "Endpoint-A",
          "schema_version": 0,
          "attributes": {
            "id": "810664816",
            "triggers": null
          },
          "sensitive_attributes": [],
          "dependencies": [
            "module.instances.aws_instance.endpoint",
            "module.instances.aws_security_group.allow_tls"
          ]
        },
        {
          "index_key": "Endpoint-B",
          "schema_version": 0,
          "attributes": {
            "id": "2141942367",
            "triggers": null
          },
          "sensitive_attributes": [],
          "dependencies": [
            "module.instances.aws_instance.endpoint",
            "module.instances.aws_security_group.allow_tls"
          ]
        }
      ]
    }
  ],
  "check_results": null
}
